
Microsoft Visual Studio Solution File, Format Version 12.00
# Visual Studio 15
VisualStudioVersion = 15.0.28307.902
MinimumVisualStudioVersion = 10.0.40219.1
Project("{FAE04EC0-301F-11D3-BF4B-00C04F79EFBC}") = "PostmarkInboundWebhookMailParser", "PostmarkInboundWebhookMailParser\PostmarkInboundWebhookMailParser.csproj", "{EE919D4D-2501-4162-9C88-B3A55FC1C2C8}"
EndProject
Project("{FAE04EC0-301F-11D3-BF4B-00C04F79EFBC}") = "Sample", "Sample\Sample.csproj", "{D3CC9D36-9690-4C7D-8DE9-D5CBFC44038F}"
EndProject
Project("{FAE04EC0-301F-11D3-BF4B-00C04F79EFBC}") = "PostmarkInboundWebhookMailParser.Test", "PostmarkInboundWebhookMailParser.Test\PostmarkInboundWebhookMailParser.Test.csproj", "{E482C918-9990-44D7-A9EA-2141448C84D2}"
EndProject
Global
	GlobalSection(SolutionConfigurationPlatforms) = preSolution
		Debug|Any CPU = Debug|Any CPU
		Release|Any CPU = Release|Any CPU
	EndGlobalSection
	GlobalSection(ProjectConfigurationPlatforms) = postSolution
		{EE919D4D-2501-4162-9C88-B3A55FC1C2C8}.Debug|Any CPU.ActiveCfg = Debug|Any CPU
		{EE919D4D-2501-4162-9C88-B3A55FC1C2C8}.Debug|Any CPU.Build.0 = Debug|Any CPU
		{EE919D4D-2501-4162-9C88-B3A55FC1C2C8}.Release|Any CPU.ActiveCfg = Release|Any CPU
		{EE919D4D-2501-4162-9C88-B3A55FC1C2C8}.Release|Any CPU.Build.0 = Release|Any CPU
		{D3CC9D36-9690-4C7D-8DE9-D5CBFC44038F}.Debug|Any CPU.ActiveCfg = Debug|Any CPU
		{D3CC9D36-9690-4C7D-8DE9-D5CBFC44038F}.Debug|Any CPU.Build.0 = Debug|Any CPU
		{D3CC9D36-9690-4C7D-8DE9-D5CBFC44038F}.Release|Any CPU.ActiveCfg = Release|Any CPU
		{D3CC9D36-9690-4C7D-8DE9-D5CBFC44038F}.Release|Any CPU.Build.0 = Release|Any CPU
		{E482C918-9990-44D7-A9EA-2141448C84D2}.Debug|Any CPU.ActiveCfg = Debug|Any CPU
		{E482C918-9990-44D7-A9EA-2141448C84D2}.Debug|Any CPU.Build.0 = Debug|Any CPU
		{E482C918-9990-44D7-A9EA-2141448C84D2}.Release|Any CPU.ActiveCfg = Release|Any CPU
		{E482C918-9990-44D7-A9EA-2141448C84D2}.Release|Any CPU.Build.0 = Release|Any CPU
	EndGlobalSection
	GlobalSection(SolutionProperties) = preSolution
		HideSolutionNode = FALSE
	EndGlobalSection
	GlobalSection(ExtensibilityGlobals) = postSolution
		SolutionGuid = {5D0C327C-7519-4498-81B8-3EC11DA519F8}
	EndGlobalSection
EndGlobal
